
Microsoft Visual Studio Solution File, Format Version 12.00
# Visual Studio Version 16
VisualStudioVersion = 16.0.31229.75
MinimumVisualStudioVersion = 10.0.40219.1
Project("{FAE04EC0-301F-11D3-BF4B-00C04F79EFBC}") = "Report", "Report\Report.csproj", "{771EEB41-410D-495E-8629-C9A5F7F17003}"
EndProject
Global
	GlobalSection(SolutionConfigurationPlatforms) = preSolution
		Debug|Any CPU = Debug|Any CPU
		Release|Any CPU = Release|Any CPU
	EndGlobalSection
	GlobalSection(ProjectConfigurationPlatforms) = postSolution
		{771EEB41-410D-495E-8629-C9A5F7F17003}.Debug|Any CPU.ActiveCfg = Debug|Any CPU
		{771EEB41-410D-495E-8629-C9A5F7F17003}.Debug|Any CPU.Build.0 = Debug|Any CPU
		{771EEB41-410D-495E-8629-C9A5F7F17003}.Release|Any CPU.ActiveCfg = Release|Any CPU
		{771EEB41-410D-495E-8629-C9A5F7F17003}.Release|Any CPU.Build.0 = Release|Any CPU
	EndGlobalSection
	GlobalSection(SolutionProperties) = preSolution
		HideSolutionNode = FALSE
	EndGlobalSection
	GlobalSection(ExtensibilityGlobals) = postSolution
		SolutionGuid = {196A6242-0CD6-49D6-8284-ADF0A2A648C3}
	EndGlobalSection
EndGlobal
